<Solution>
  <Folder Name="/Solution Items/">
    <File Path="benchmark_report.md" />
    <File Path="benchmark_report_zh-cn.md" />
    <File Path="README.md" />
    <File Path="README_zh-cn.md" />
  </Folder>
  <Project Path="FxSsh/FxSsh.csproj" />
  <Project Path="SshServerLoader/SshServerLoader.csproj" />
</Solution>
