
Microsoft Visual Studio Solution File, Format Version 12.00
# Visual Studio 15
VisualStudioVersion = 15.0.26730.10
MinimumVisualStudioVersion = 10.0.40219.1
Project("{9A19103F-16F7-4668-BE54-9A1E7A4F7556}") = "FxSsh", "FxSsh\FxSsh.csproj", "{A9EC649A-C941-41B6-AC99-39BB44B4F3F5}"
EndProject
Project("{FAE04EC0-301F-11D3-BF4B-00C04F79EFBC}") = "SshServerLoader", "SshServerLoader\SshServerLoader.csproj", "{CCD756DE-A2EC-4638-BBDF-C20D8A3A27EE}"
EndProject
Global
	GlobalSection(SolutionConfigurationPlatforms) = preSolution
		Debug|Any CPU = Debug|Any CPU
		Release|Any CPU = Release|Any CPU
	EndGlobalSection
	GlobalSection(ProjectConfigurationPlatforms) = postSolution
		{A9EC649A-C941-41B6-AC99-39BB44B4F3F5}.Debug|Any CPU.ActiveCfg = Debug|Any CPU
		{A9EC649A-C941-41B6-AC99-39BB44B4F3F5}.Debug|Any CPU.Build.0 = Debug|Any CPU
		{A9EC649A-C941-41B6-AC99-39BB44B4F3F5}.Release|Any CPU.ActiveCfg = Release|Any CPU
		{A9EC649A-C941-41B6-AC99-39BB44B4F3F5}.Release|Any CPU.Build.0 = Release|Any CPU
		{CCD756DE-A2EC-4638-BBDF-C20D8A3A27EE}.Debug|Any CPU.ActiveCfg = Debug|Any CPU
		{CCD756DE-A2EC-4638-BBDF-C20D8A3A27EE}.Debug|Any CPU.Build.0 = Debug|Any CPU
		{CCD756DE-A2EC-4638-BBDF-C20D8A3A27EE}.Release|Any CPU.ActiveCfg = Release|Any CPU
		{CCD756DE-A2EC-4638-BBDF-C20D8A3A27EE}.Release|Any CPU.Build.0 = Release|Any CPU
	EndGlobalSection
	GlobalSection(SolutionProperties) = preSolution
		HideSolutionNode = FALSE
	EndGlobalSection
	GlobalSection(ExtensibilityGlobals) = postSolution
		SolutionGuid = {50553CF9-2A53-4792-AC0D-FFCAD59CA6D3}
	EndGlobalSection
EndGlobal
